PODS:
  - BohdiAR (0.1.3):
    - OpenCV-Dynamic
  - BohdiEngine (1.1.2)
  - OpenCV-Dynamic (3.2.4)

DEPENDENCIES:
  - BohdiAR (from `../`)
  - BohdiEngine (from `~/Dev/pods/BohdiEngine-pod`)

EXTERNAL SOURCES:
  BohdiAR:
    :path: "../"
  BohdiEngine:
    :path: "~/Dev/pods/BohdiEngine-pod"

SPEC CHECKSUMS:
  BohdiAR: 4068eb6e2c25e5bbd916426b64aaeccc5419c2be
  BohdiEngine: 496107bfefeb9996bbbfc9647729a8494d3344c3
  OpenCV-Dynamic: 8d4c9e4ccd4cf1ec7bf97448ae9fa18800ff3066

PODFILE CHECKSUM: 597b8db96e05b62d9bc99f3c9677dd3bba40b238

COCOAPODS: 1.2.1
