PODS:
  - BohdiAR (0.1.3):
    - OpenCV-Dynamic
  - BohdiEngine (1.1.4)
  - OpenCV-Dynamic (3.2.4)

DEPENDENCIES:
  - BohdiAR (from `../`)
  - BohdiEngine

EXTERNAL SOURCES:
  BohdiAR:
    :path: ../

SPEC CHECKSUMS:
  BohdiAR: 4068eb6e2c25e5bbd916426b64aaeccc5419c2be
  BohdiEngine: 3e9ff8828aa7b23d577c69301c35ab151013ff96
  OpenCV-Dynamic: 8d4c9e4ccd4cf1ec7bf97448ae9fa18800ff3066

PODFILE CHECKSUM: 0ad7a8b133dc5e65a999deedfa49e89dbdf6d15f

COCOAPODS: 1.3.1
