PODS:
  - BohdiAR (0.1.3):
    - OpenCV-Dynamic
  - BohdiEngine (1.1.2)
  - OpenCV-Dynamic (3.2.4)

DEPENDENCIES:
  - BohdiAR (from `../`)
  - BohdiEngine

EXTERNAL SOURCES:
  BohdiAR:
    :path: "../"

SPEC CHECKSUMS:
  BohdiAR: 4068eb6e2c25e5bbd916426b64aaeccc5419c2be
  BohdiEngine: 496107bfefeb9996bbbfc9647729a8494d3344c3
  OpenCV-Dynamic: 8d4c9e4ccd4cf1ec7bf97448ae9fa18800ff3066

PODFILE CHECKSUM: 0c1153139a5452f358957c53dfd48eb5b69f3d7e

COCOAPODS: 1.2.1
