// !$*UTF8*$!
{
	archiveVersion = 1;
	classes = {
	};
	objectVersion = 46;
	objects = {

/* Begin PBXBuildFile section */
		57BEC390CA5F6F93E64415EE /* Pods_BohdiAR_Example.framework in Frameworks */ = {isa = PBXBuildFile; fileRef = 7F3BC86B5A9693CBCA960353 /* Pods_BohdiAR_Example.framework */; };
		6003F58E195388D20070C39A /* Foundation.framework in Frameworks */ = {isa = PBXBuildFile; fileRef = 6003F58D195388D20070C39A /* Foundation.framework */; };
		6003F590195388D20070C39A /* CoreGraphics.framework in Frameworks */ = {isa = PBXBuildFile; fileRef = 6003F58F195388D20070C39A /* CoreGraphics.framework */; };
		6003F592195388D20070C39A /* UIKit.framework in Frameworks */ = {isa = PBXBuildFile; fileRef = 6003F591195388D20070C39A /* UIKit.framework */; };
		6003F598195388D20070C39A /* InfoPlist.strings in Resources */ = {isa = PBXBuildFile; fileRef = 6003F596195388D20070C39A /* InfoPlist.strings */; };
		6003F59A195388D20070C39A /* main.m in Sources */ = {isa = PBXBuildFile; fileRef = 6003F599195388D20070C39A /* main.m */; };
		6003F59E195388D20070C39A /* BEARAppDelegate.m in Sources */ = {isa = PBXBuildFile; fileRef = 6003F59D195388D20070C39A /* BEARAppDelegate.m */; };
		6003F5A9195388D20070C39A /* Images.xcassets in Resources */ = {isa = PBXBuildFile; fileRef = 6003F5A8195388D20070C39A /* Images.xcassets */; };
		71719F9F1E33DC2100824A3D /* LaunchScreen.storyboard in Resources */ = {isa = PBXBuildFile; fileRef = 71719F9D1E33DC2100824A3D /* LaunchScreen.storyboard */; };
		873B8AEB1B1F5CCA007FD442 /* Main.storyboard in Resources */ = {isa = PBXBuildFile; fileRef = 873B8AEA1B1F5CCA007FD442 /* Main.storyboard */; };
		FD59A28D1EC70EFC002495A2 /* BEARViewController.swift in Sources */ = {isa = PBXBuildFile; fileRef = FD59A28C1EC70EFC002495A2 /* BEARViewController.swift */; };
		FD59A2A31EC72C31002495A2 /* MainViewController.swift in Sources */ = {isa = PBXBuildFile; fileRef = FD59A2A21EC72C31002495A2 /* MainViewController.swift */; };
		FDA51B2A1F9C9540003C2E55 /* ARUCO_MIP_36h12_test.pdf in Resources */ = {isa = PBXBuildFile; fileRef = FDA51B201F9C9540003C2E55 /* ARUCO_MIP_36h12_test.pdf */; };
		FDA51B2B1F9C9540003C2E55 /* calibrate.xml in Resources */ = {isa = PBXBuildFile; fileRef = FDA51B211F9C9540003C2E55 /* calibrate.xml */; };
		FDA51B2C1F9C9540003C2E55 /* 2.obj in Resources */ = {isa = PBXBuildFile; fileRef = FDA51B231F9C9540003C2E55 /* 2.obj */; };
		FDA51B2D1F9C9540003C2E55 /* AG_Model_Mesh_ArcaneDefense.tga in Resources */ = {isa = PBXBuildFile; fileRef = FDA51B251F9C9540003C2E55 /* AG_Model_Mesh_ArcaneDefense.tga */; };
		FDA51B2E1F9C9540003C2E55 /* arcanegolem.mtl in Resources */ = {isa = PBXBuildFile; fileRef = FDA51B261F9C9540003C2E55 /* arcanegolem.mtl */; };
		FDA51B2F1F9C9540003C2E55 /* arcanegolem.obj in Resources */ = {isa = PBXBuildFile; fileRef = FDA51B271F9C9540003C2E55 /* arcanegolem.obj */; };
		FDA51B301F9C9540003C2E55 /* ARMORREFLECT4.tga in Resources */ = {isa = PBXBuildFile; fileRef = FDA51B281F9C9540003C2E55 /* ARMORREFLECT4.tga */; };
		FDA51B311F9C9540003C2E55 /* beengine.mtl in Resources */ = {isa = PBXBuildFile; fileRef = FDA51B291F9C9540003C2E55 /* beengine.mtl */; };
/* End PBXBuildFile section */

/* Begin PBXFileReference section */
		031664692F20E374B88D61A9 /* Pods_BohdiAR_Tests.framework */ = {isa = PBXFileReference; explicitFileType = wrapper.framework; includeInIndex = 0; path = Pods_BohdiAR_Tests.framework; sourceTree = BUILT_PRODUCTS_DIR; };
		575E80823E09504B8E66E99D /* LICENSE */ = {isa = PBXFileReference; includeInIndex = 1; lastKnownFileType = text; name = LICENSE; path = ../LICENSE; sourceTree = "<group>"; };
		6003F58A195388D20070C39A /* BohdiAR_Example.app */ = {isa = PBXFileReference; explicitFileType = wrapper.application; includeInIndex = 0; path = BohdiAR_Example.app; sourceTree = BUILT_PRODUCTS_DIR; };
		6003F58D195388D20070C39A /* Foundation.framework */ = {isa = PBXFileReference; lastKnownFileType = wrapper.framework; name = Foundation.framework; path = System/Library/Frameworks/Foundation.framework; sourceTree = SDKROOT; };
		6003F58F195388D20070C39A /* CoreGraphics.framework */ = {isa = PBXFileReference; lastKnownFileType = wrapper.framework; name = CoreGraphics.framework; path = System/Library/Frameworks/CoreGraphics.framework; sourceTree = SDKROOT; };
		6003F591195388D20070C39A /* UIKit.framework */ = {isa = PBXFileReference; lastKnownFileType = wrapper.framework; name = UIKit.framework; path = System/Library/Frameworks/UIKit.framework; sourceTree = SDKROOT; };
		6003F595195388D20070C39A /* BohdiAR-Info.plist */ = {isa = PBXFileReference; lastKnownFileType = text.plist.xml; path = "BohdiAR-Info.plist"; sourceTree = "<group>"; };
		6003F597195388D20070C39A /* en */ = {isa = PBXFileReference; lastKnownFileType = text.plist.strings; name = en; path = en.lproj/InfoPlist.strings; sourceTree = "<group>"; };
		6003F599195388D20070C39A /* main.m */ = {isa = PBXFileReference; lastKnownFileType = sourcecode.c.objc; path = main.m; sourceTree = "<group>"; };
		6003F59B195388D20070C39A /* BohdiAR-Prefix.pch */ = {isa = PBXFileReference; lastKnownFileType = sourcecode.c.h; path = "BohdiAR-Prefix.pch"; sourceTree = "<group>"; };
		6003F59C195388D20070C39A /* BEARAppDelegate.h */ = {isa = PBXFileReference; lastKnownFileType = sourcecode.c.h; path = BEARAppDelegate.h; sourceTree = "<group>"; };
		6003F59D195388D20070C39A /* BEARAppDelegate.m */ = {isa = PBXFileReference; lastKnownFileType = sourcecode.c.objc; path = BEARAppDelegate.m; sourceTree = "<group>"; };
		6003F5A8195388D20070C39A /* Images.xcassets */ = {isa = PBXFileReference; lastKnownFileType = folder.assetcatalog; path = Images.xcassets; sourceTree = "<group>"; };
		6003F5B7195388D20070C39A /* Tests-Info.plist */ = {isa = PBXFileReference; lastKnownFileType = text.plist.xml; path = "Tests-Info.plist"; sourceTree = "<group>"; };
		6003F5B9195388D20070C39A /* en */ = {isa = PBXFileReference; lastKnownFileType = text.plist.strings; name = en; path = en.lproj/InfoPlist.strings; sourceTree = "<group>"; };
		6003F5BB195388D20070C39A /* Tests.m */ = {isa = PBXFileReference; lastKnownFileType = sourcecode.c.objc; path = Tests.m; sourceTree = "<group>"; };
		606FC2411953D9B200FFA9A0 /* Tests-Prefix.pch */ = {isa = PBXFileReference; lastKnownFileType = sourcecode.c.h; path = "Tests-Prefix.pch"; sourceTree = "<group>"; };
		623BD58255B40950FB76DEE4 /* Pods-BohdiAR_Example.release.xcconfig */ = {isa = PBXFileReference; includeInIndex = 1; lastKnownFileType = text.xcconfig; name = "Pods-BohdiAR_Example.release.xcconfig"; path = "Pods/Target Support Files/Pods-BohdiAR_Example/Pods-BohdiAR_Example.release.xcconfig"; sourceTree = "<group>"; };
		71719F9E1E33DC2100824A3D /* Base */ = {isa = PBXFileReference; lastKnownFileType = file.storyboard; name = Base; path = Base.lproj/LaunchScreen.storyboard; sourceTree = "<group>"; };
		7F3BC86B5A9693CBCA960353 /* Pods_BohdiAR_Example.framework */ = {isa = PBXFileReference; explicitFileType = wrapper.framework; includeInIndex = 0; path = Pods_BohdiAR_Example.framework; sourceTree = BUILT_PRODUCTS_DIR; };
		873B8AEA1B1F5CCA007FD442 /* Main.storyboard */ = {isa = PBXFileReference; fileEncoding = 4; lastKnownFileType = file.storyboard; name = Main.storyboard; path = Base.lproj/Main.storyboard; sourceTree = "<group>"; };
		8E6BD45C32E81F8B94AD0D74 /* README.md */ = {isa = PBXFileReference; includeInIndex = 1; lastKnownFileType = net.daringfireball.markdown; name = README.md; path = ../README.md; sourceTree = "<group>"; };
		C6CB51B042AFBCABB80DC2DE /* Pods-BohdiAR_Example.debug.xcconfig */ = {isa = PBXFileReference; includeInIndex = 1; lastKnownFileType = text.xcconfig; name = "Pods-BohdiAR_Example.debug.xcconfig"; path = "Pods/Target Support Files/Pods-BohdiAR_Example/Pods-BohdiAR_Example.debug.xcconfig"; sourceTree = "<group>"; };
		E1777CE5DAADFF41729C2DFD /* BohdiAR.podspec */ = {isa = PBXFileReference; includeInIndex = 1; lastKnownFileType = text; name = BohdiAR.podspec; path = ../BohdiAR.podspec; sourceTree = "<group>"; };
		F8B0002E1E81036B00350307 /* opencv2.framework */ = {isa = PBXFileReference; lastKnownFileType = wrapper.framework; name = opencv2.framework; path = "Pods/OpenCV-Dynamic/opencv2.framework"; sourceTree = "<group>"; };
		FD59A2891EC70EA0002495A2 /* BohdiAR_Example-Bridging-Header.h */ = {isa = PBXFileReference; lastKnownFileType = sourcecode.c.h; path = "BohdiAR_Example-Bridging-Header.h"; sourceTree = "<group>"; };
		FD59A28C1EC70EFC002495A2 /* BEARViewController.swift */ = {isa = PBXFileReference; fileEncoding = 4; lastKnownFileType = sourcecode.swift; path = BEARViewController.swift; sourceTree = "<group>"; };
		FD59A2A21EC72C31002495A2 /* MainViewController.swift */ = {isa = PBXFileReference; fileEncoding = 4; lastKnownFileType = sourcecode.swift; path = MainViewController.swift; sourceTree = "<group>"; };
		FDA51B201F9C9540003C2E55 /* ARUCO_MIP_36h12_test.pdf */ = {isa = PBXFileReference; lastKnownFileType = image.pdf; path = ARUCO_MIP_36h12_test.pdf; sourceTree = "<group>"; };
		FDA51B211F9C9540003C2E55 /* calibrate.xml */ = {isa = PBXFileReference; fileEncoding = 4; lastKnownFileType = text.xml; path = calibrate.xml; sourceTree = "<group>"; };
		FDA51B231F9C9540003C2E55 /* 2.obj */ = {isa = PBXFileReference; fileEncoding = 4; lastKnownFileType = text; path = 2.obj; sourceTree = "<group>"; };
		FDA51B251F9C9540003C2E55 /* AG_Model_Mesh_ArcaneDefense.tga */ = {isa = PBXFileReference; lastKnownFileType = file; path = AG_Model_Mesh_ArcaneDefense.tga; sourceTree = "<group>"; };
		FDA51B261F9C9540003C2E55 /* arcanegolem.mtl */ = {isa = PBXFileReference; fileEncoding = 4; lastKnownFileType = text; path = arcanegolem.mtl; sourceTree = "<group>"; };
		FDA51B271F9C9540003C2E55 /* arcanegolem.obj */ = {isa = PBXFileReference; fileEncoding = 4; lastKnownFileType = text; path = arcanegolem.obj; sourceTree = "<group>"; };
		FDA51B281F9C9540003C2E55 /* ARMORREFLECT4.tga */ = {isa = PBXFileReference; lastKnownFileType = file; path = ARMORREFLECT4.tga; sourceTree = "<group>"; };
		FDA51B291F9C9540003C2E55 /* beengine.mtl */ = {isa = PBXFileReference; fileEncoding = 4; lastKnownFileType = text; path = beengine.mtl; sourceTree = "<group>"; };
/* End PBXFileReference section */

/* Begin PBXFrameworksBuildPhase section */
		6003F587195388D20070C39A /* Frameworks */ = {
			isa = PBXFrameworksBuildPhase;
			buildActionMask = 2147483647;
			files = (
				6003F590195388D20070C39A /* CoreGraphics.framework in Frameworks */,
				6003F592195388D20070C39A /* UIKit.framework in Frameworks */,
				6003F58E195388D20070C39A /* Foundation.framework in Frameworks */,
				57BEC390CA5F6F93E64415EE /* Pods_BohdiAR_Example.framework in Frameworks */,
			);
			runOnlyForDeploymentPostprocessing = 0;
		};
/* End PBXFrameworksBuildPhase section */

/* Begin PBXGroup section */
		6003F581195388D10070C39A = {
			isa = PBXGroup;
			children = (
				60FF7A9C1954A5C5007DD14C /* Podspec Metadata */,
				6003F593195388D20070C39A /* Example for BohdiAR */,
				6003F5B5195388D20070C39A /* Tests */,
				6003F58C195388D20070C39A /* Frameworks */,
				6003F58B195388D20070C39A /* Products */,
				8049031B0D6D53D91BC31B2B /* Pods */,
			);
			sourceTree = "<group>";
		};
		6003F58B195388D20070C39A /* Products */ = {
			isa = PBXGroup;
			children = (
				6003F58A195388D20070C39A /* BohdiAR_Example.app */,
			);
			name = Products;
			sourceTree = "<group>";
		};
		6003F58C195388D20070C39A /* Frameworks */ = {
			isa = PBXGroup;
			children = (
				F8B0002E1E81036B00350307 /* opencv2.framework */,
				6003F58D195388D20070C39A /* Foundation.framework */,
				6003F58F195388D20070C39A /* CoreGraphics.framework */,
				6003F591195388D20070C39A /* UIKit.framework */,
				031664692F20E374B88D61A9 /* Pods_BohdiAR_Tests.framework */,
				7F3BC86B5A9693CBCA960353 /* Pods_BohdiAR_Example.framework */,
			);
			name = Frameworks;
			sourceTree = "<group>";
		};
		6003F593195388D20070C39A /* Example for BohdiAR */ = {
			isa = PBXGroup;
			children = (
				6003F59C195388D20070C39A /* BEARAppDelegate.h */,
				6003F59D195388D20070C39A /* BEARAppDelegate.m */,
				FD59A2A21EC72C31002495A2 /* MainViewController.swift */,
				FD59A28C1EC70EFC002495A2 /* BEARViewController.swift */,
				FD59A2891EC70EA0002495A2 /* BohdiAR_Example-Bridging-Header.h */,
				873B8AEA1B1F5CCA007FD442 /* Main.storyboard */,
				71719F9D1E33DC2100824A3D /* LaunchScreen.storyboard */,
				6003F5A8195388D20070C39A /* Images.xcassets */,
				FDA51B1E1F9C9540003C2E55 /* Assets */,
				6003F594195388D20070C39A /* Supporting Files */,
			);
			name = "Example for BohdiAR";
			path = BohdiAR;
			sourceTree = "<group>";
		};
		6003F594195388D20070C39A /* Supporting Files */ = {
			isa = PBXGroup;
			children = (
				6003F595195388D20070C39A /* BohdiAR-Info.plist */,
				6003F596195388D20070C39A /* InfoPlist.strings */,
				6003F599195388D20070C39A /* main.m */,
				6003F59B195388D20070C39A /* BohdiAR-Prefix.pch */,
			);
			name = "Supporting Files";
			sourceTree = "<group>";
		};
		6003F5B5195388D20070C39A /* Tests */ = {
			isa = PBXGroup;
			children = (
				6003F5BB195388D20070C39A /* Tests.m */,
				6003F5B6195388D20070C39A /* Supporting Files */,
			);
			path = Tests;
			sourceTree = "<group>";
		};
		6003F5B6195388D20070C39A /* Supporting Files */ = {
			isa = PBXGroup;
			children = (
				6003F5B7195388D20070C39A /* Tests-Info.plist */,
				6003F5B8195388D20070C39A /* InfoPlist.strings */,
				606FC2411953D9B200FFA9A0 /* Tests-Prefix.pch */,
			);
			name = "Supporting Files";
			sourceTree = "<group>";
		};
		60FF7A9C1954A5C5007DD14C /* Podspec Metadata */ = {
			isa = PBXGroup;
			children = (
				E1777CE5DAADFF41729C2DFD /* BohdiAR.podspec */,
				8E6BD45C32E81F8B94AD0D74 /* README.md */,
				575E80823E09504B8E66E99D /* LICENSE */,
			);
			name = "Podspec Metadata";
			sourceTree = "<group>";
		};
		8049031B0D6D53D91BC31B2B /* Pods */ = {
			isa = PBXGroup;
			children = (
				C6CB51B042AFBCABB80DC2DE /* Pods-BohdiAR_Example.debug.xcconfig */,
				623BD58255B40950FB76DEE4 /* Pods-BohdiAR_Example.release.xcconfig */,
			);
			name = Pods;
			sourceTree = "<group>";
		};
		FDA51B1E1F9C9540003C2E55 /* Assets */ = {
			isa = PBXGroup;
			children = (
				FDA51B1F1F9C9540003C2E55 /* AR */,
				FDA51B221F9C9540003C2E55 /* models */,
			);
			path = Assets;
			sourceTree = "<group>";
		};
		FDA51B1F1F9C9540003C2E55 /* AR */ = {
			isa = PBXGroup;
			children = (
				FDA51B201F9C9540003C2E55 /* ARUCO_MIP_36h12_test.pdf */,
				FDA51B211F9C9540003C2E55 /* calibrate.xml */,
			);
			path = AR;
			sourceTree = "<group>";
		};
		FDA51B221F9C9540003C2E55 /* models */ = {
			isa = PBXGroup;
			children = (
				FDA51B231F9C9540003C2E55 /* 2.obj */,
				FDA51B241F9C9540003C2E55 /* Arcanegolem */,
				FDA51B291F9C9540003C2E55 /* beengine.mtl */,
			);
			path = models;
			sourceTree = "<group>";
		};
		FDA51B241F9C9540003C2E55 /* Arcanegolem */ = {
			isa = PBXGroup;
			children = (
				FDA51B251F9C9540003C2E55 /* AG_Model_Mesh_ArcaneDefense.tga */,
				FDA51B261F9C9540003C2E55 /* arcanegolem.mtl */,
				FDA51B271F9C9540003C2E55 /* arcanegolem.obj */,
				FDA51B281F9C9540003C2E55 /* ARMORREFLECT4.tga */,
			);
			path = Arcanegolem;
			sourceTree = "<group>";
		};
/* End PBXGroup section */

/* Begin PBXNativeTarget section */
		6003F589195388D20070C39A /* BohdiAR_Example */ = {
			isa = PBXNativeTarget;
			buildConfigurationList = 6003F5BF195388D20070C39A /* Build configuration list for PBXNativeTarget "BohdiAR_Example" */;
			buildPhases = (
				B8DB93FA42C51DBF074BF5FA /* [CP] Check Pods Manifest.lock */,
				6003F586195388D20070C39A /* Sources */,
				6003F587195388D20070C39A /* Frameworks */,
				6003F588195388D20070C39A /* Resources */,
				A8107D1A7BCF56BF1D35479B /* [CP] Embed Pods Frameworks */,
				0FA0A405440CA0BC81C70671 /* [CP] Copy Pods Resources */,
			);
			buildRules = (
			);
			dependencies = (
			);
			name = BohdiAR_Example;
			productName = BohdiAR;
			productReference = 6003F58A195388D20070C39A /* BohdiAR_Example.app */;
			productType = "com.apple.product-type.application";
		};
/* End PBXNativeTarget section */

/* Begin PBXProject section */
		6003F582195388D10070C39A /* Project object */ = {
			isa = PBXProject;
			attributes = {
				CLASSPREFIX = BEAR;
				LastUpgradeCheck = 0900;
				ORGANIZATIONNAME = sunpaq;
				TargetAttributes = {
					6003F589195388D20070C39A = {
						DevelopmentTeam = R7BTEXA73U;
						LastSwiftMigration = 0900;
						ProvisioningStyle = Automatic;
					};
				};
			};
			buildConfigurationList = 6003F585195388D10070C39A /* Build configuration list for PBXProject "BohdiAR" */;
			compatibilityVersion = "Xcode 3.2";
			developmentRegion = English;
			hasScannedForEncodings = 0;
			knownRegions = (
				en,
				Base,
			);
			mainGroup = 6003F581195388D10070C39A;
			productRefGroup = 6003F58B195388D20070C39A /* Products */;
			projectDirPath = "";
			projectRoot = "";
			targets = (
				6003F589195388D20070C39A /* BohdiAR_Example */,
			);
		};
/* End PBXProject section */

/* Begin PBXResourcesBuildPhase section */
		6003F588195388D20070C39A /* Resources */ = {
			isa = PBXResourcesBuildPhase;
			buildActionMask = 2147483647;
			files = (
				FDA51B2D1F9C9540003C2E55 /* AG_Model_Mesh_ArcaneDefense.tga in Resources */,
				873B8AEB1B1F5CCA007FD442 /* Main.storyboard in Resources */,
				71719F9F1E33DC2100824A3D /* LaunchScreen.storyboard in Resources */,
				FDA51B2A1F9C9540003C2E55 /* ARUCO_MIP_36h12_test.pdf in Resources */,
				6003F5A9195388D20070C39A /* Images.xcassets in Resources */,
				FDA51B2E1F9C9540003C2E55 /* arcanegolem.mtl in Resources */,
				FDA51B301F9C9540003C2E55 /* ARMORREFLECT4.tga in Resources */,
				FDA51B2F1F9C9540003C2E55 /* arcanegolem.obj in Resources */,
				FDA51B311F9C9540003C2E55 /* beengine.mtl in Resources */,
				6003F598195388D20070C39A /* InfoPlist.strings in Resources */,
				FDA51B2C1F9C9540003C2E55 /* 2.obj in Resources */,
				FDA51B2B1F9C9540003C2E55 /* calibrate.xml in Resources */,
			);
			runOnlyForDeploymentPostprocessing = 0;
		};
/* End PBXResourcesBuildPhase section */

/* Begin PBXShellScriptBuildPhase section */
		0FA0A405440CA0BC81C70671 /* [CP] Copy Pods Resources */ = {
			isa = PBXShellScriptBuildPhase;
			buildActionMask = 2147483647;
			files = (
			);
			inputPaths = (
			);
			name = "[CP] Copy Pods Resources";
			outputPaths = (
			);
			runOnlyForDeploymentPostprocessing = 0;
			shellPath = /bin/sh;
			shellScript = "\"${SRCROOT}/Pods/Target Support Files/Pods-BohdiAR_Example/Pods-BohdiAR_Example-resources.sh\"\n";
			showEnvVarsInLog = 0;
		};
		A8107D1A7BCF56BF1D35479B /* [CP] Embed Pods Frameworks */ = {
			isa = PBXShellScriptBuildPhase;
			buildActionMask = 2147483647;
			files = (
			);
			inputPaths = (
				"${SRCROOT}/Pods/Target Support Files/Pods-BohdiAR_Example/Pods-BohdiAR_Example-frameworks.sh",
				"${BUILT_PRODUCTS_DIR}/BohdiAR/BohdiAR.framework",
				"${BUILT_PRODUCTS_DIR}/BohdiEngine/BohdiEngine.framework",
				"${BUILT_PRODUCTS_DIR}/OpenCV/opencv2.framework",
			);
			name = "[CP] Embed Pods Frameworks";
			outputPaths = (
				"${TARGET_BUILD_DIR}/${FRAMEWORKS_FOLDER_PATH}/BohdiAR.framework",
				"${TARGET_BUILD_DIR}/${FRAMEWORKS_FOLDER_PATH}/BohdiEngine.framework",
				"${TARGET_BUILD_DIR}/${FRAMEWORKS_FOLDER_PATH}/opencv2.framework",
			);
			runOnlyForDeploymentPostprocessing = 0;
			shellPath = /bin/sh;
			shellScript = "\"${SRCROOT}/Pods/Target Support Files/Pods-BohdiAR_Example/Pods-BohdiAR_Example-frameworks.sh\"\n";
			showEnvVarsInLog = 0;
		};
		B8DB93FA42C51DBF074BF5FA /* [CP] Check Pods Manifest.lock */ = {
			isa = PBXShellScriptBuildPhase;
			buildActionMask = 2147483647;
			files = (
			);
			inputPaths = (
				"${PODS_PODFILE_DIR_PATH}/Podfile.lock",
				"${PODS_ROOT}/Manifest.lock",
			);
			name = "[CP] Check Pods Manifest.lock";
			outputPaths = (
				"$(DERIVED_FILE_DIR)/Pods-BohdiAR_Example-checkManifestLockResult.txt",
			);
			runOnlyForDeploymentPostprocessing = 0;
			shellPath = /bin/sh;
			shellScript = "diff \"${PODS_PODFILE_DIR_PATH}/Podfile.lock\" \"${PODS_ROOT}/Manifest.lock\" > /dev/null\nif [ $? != 0 ] ; then\n    # print error to STDERR\n    echo \"error: The sandbox is not in sync with the Podfile.lock. Run 'pod install' or update your CocoaPods installation.\" >&2\n    exit 1\nfi\n# This output is used by Xcode 'outputs' to avoid re-running this script phase.\necho \"SUCCESS\" > \"${SCRIPT_OUTPUT_FILE_0}\"\n";
			showEnvVarsInLog = 0;
		};
/* End PBXShellScriptBuildPhase section */

/* Begin PBXSourcesBuildPhase section */
		6003F586195388D20070C39A /* Sources */ = {
			isa = PBXSourcesBuildPhase;
			buildActionMask = 2147483647;
			files = (
				6003F59E195388D20070C39A /* BEARAppDelegate.m in Sources */,
				FD59A28D1EC70EFC002495A2 /* BEARViewController.swift in Sources */,
				6003F59A195388D20070C39A /* main.m in Sources */,
				FD59A2A31EC72C31002495A2 /* MainViewController.swift in Sources */,
			);
			runOnlyForDeploymentPostprocessing = 0;
		};
/* End PBXSourcesBuildPhase section */

/* Begin PBXVariantGroup section */
		6003F596195388D20070C39A /* InfoPlist.strings */ = {
			isa = PBXVariantGroup;
			children = (
				6003F597195388D20070C39A /* en */,
			);
			name = InfoPlist.strings;
			sourceTree = "<group>";
		};
		6003F5B8195388D20070C39A /* InfoPlist.strings */ = {
			isa = PBXVariantGroup;
			children = (
				6003F5B9195388D20070C39A /* en */,
			);
			name = InfoPlist.strings;
			sourceTree = "<group>";
		};
		71719F9D1E33DC2100824A3D /* LaunchScreen.storyboard */ = {
			isa = PBXVariantGroup;
			children = (
				71719F9E1E33DC2100824A3D /* Base */,
			);
			name = LaunchScreen.storyboard;
			sourceTree = "<group>";
		};
/* End PBXVariantGroup section */

/* Begin XCBuildConfiguration section */
		6003F5BD195388D20070C39A /* Debug */ = {
			isa = XCBuildConfiguration;
			buildSettings = {
				ALWAYS_SEARCH_USER_PATHS = NO;
				CLANG_CXX_LANGUAGE_STANDARD = "gnu++0x";
				CLANG_CXX_LIBRARY = "libc++";
				CLANG_ENABLE_MODULES = YES;
				CLANG_ENABLE_OBJC_ARC = YES;
				CLANG_WARN_BLOCK_CAPTURE_AUTORELEASING = YES;
				CLANG_WARN_BOOL_CONVERSION = YES;
				CLANG_WARN_COMMA = YES;
				CLANG_WARN_CONSTANT_CONVERSION = YES;
				CLANG_WARN_DIRECT_OBJC_ISA_USAGE = YES_ERROR;
				CLANG_WARN_EMPTY_BODY = YES;
				CLANG_WARN_ENUM_CONVERSION = YES;
				CLANG_WARN_INFINITE_RECURSION = YES;
				CLANG_WARN_INT_CONVERSION = YES;
				CLANG_WARN_NON_LITERAL_NULL_CONVERSION = YES;
				CLANG_WARN_OBJC_LITERAL_CONVERSION = YES;
				CLANG_WARN_OBJC_ROOT_CLASS = YES_ERROR;
				CLANG_WARN_RANGE_LOOP_ANALYSIS = YES;
				CLANG_WARN_STRICT_PROTOTYPES = YES;
				CLANG_WARN_SUSPICIOUS_MOVE = YES;
				CLANG_WARN_UNREACHABLE_CODE = YES;
				CLANG_WARN__DUPLICATE_METHOD_MATCH = YES;
				"CODE_SIGN_IDENTITY[sdk=iphoneos*]" = "iPhone Developer";
				COPY_PHASE_STRIP = NO;
				ENABLE_BITCODE = NO;
				ENABLE_STRICT_OBJC_MSGSEND = YES;
				ENABLE_TESTABILITY = YES;
				GCC_C_LANGUAGE_STANDARD = gnu99;
				GCC_DYNAMIC_NO_PIC = NO;
				GCC_NO_COMMON_BLOCKS = YES;
				GCC_OPTIMIZATION_LEVEL = 0;
				GCC_PREPROCESSOR_DEFINITIONS = (
					"DEBUG=1",
					"$(inherited)",
				);
				GCC_SYMBOLS_PRIVATE_EXTERN = NO;
				GCC_WARN_64_TO_32_BIT_CONVERSION = YES;
				GCC_WARN_ABOUT_RETURN_TYPE = YES_ERROR;
				GCC_WARN_UNDECLARED_SELECTOR = YES;
				GCC_WARN_UNINITIALIZED_AUTOS = YES_AGGRESSIVE;
				GCC_WARN_UNUSED_FUNCTION = YES;
				GCC_WARN_UNUSED_VARIABLE = YES;
				IPHONEOS_DEPLOYMENT_TARGET = 9.0;
				ONLY_ACTIVE_ARCH = YES;
				SDKROOT = iphoneos;
				TARGETED_DEVICE_FAMILY = "1,2";
				VALID_ARCHS = arm64;
			};
			name = Debug;
		};
		6003F5BE195388D20070C39A /* Release */ = {
			isa = XCBuildConfiguration;
			buildSettings = {
				ALWAYS_SEARCH_USER_PATHS = NO;
				CLANG_CXX_LANGUAGE_STANDARD = "gnu++0x";
				CLANG_CXX_LIBRARY = "libc++";
				CLANG_ENABLE_MODULES = YES;
				CLANG_ENABLE_OBJC_ARC = YES;
				CLANG_WARN_BLOCK_CAPTURE_AUTORELEASING = YES;
				CLANG_WARN_BOOL_CONVERSION = YES;
				CLANG_WARN_COMMA = YES;
				CLANG_WARN_CONSTANT_CONVERSION = YES;
				CLANG_WARN_DIRECT_OBJC_ISA_USAGE = YES_ERROR;
				CLANG_WARN_EMPTY_BODY = YES;
				CLANG_WARN_ENUM_CONVERSION = YES;
				CLANG_WARN_INFINITE_RECURSION = YES;
				CLANG_WARN_INT_CONVERSION = YES;
				CLANG_WARN_NON_LITERAL_NULL_CONVERSION = YES;
				CLANG_WARN_OBJC_LITERAL_CONVERSION = YES;
				CLANG_WARN_OBJC_ROOT_CLASS = YES_ERROR;
				CLANG_WARN_RANGE_LOOP_ANALYSIS = YES;
				CLANG_WARN_STRICT_PROTOTYPES = YES;
				CLANG_WARN_SUSPICIOUS_MOVE = YES;
				CLANG_WARN_UNREACHABLE_CODE = YES;
				CLANG_WARN__DUPLICATE_METHOD_MATCH = YES;
				"CODE_SIGN_IDENTITY[sdk=iphoneos*]" = "iPhone Developer";
				COPY_PHASE_STRIP = YES;
				ENABLE_BITCODE = NO;
				ENABLE_NS_ASSERTIONS = NO;
				ENABLE_STRICT_OBJC_MSGSEND = YES;
				GCC_C_LANGUAGE_STANDARD = gnu99;
				GCC_NO_COMMON_BLOCKS = YES;
				GCC_WARN_64_TO_32_BIT_CONVERSION = YES;
				GCC_WARN_ABOUT_RETURN_TYPE = YES_ERROR;
				GCC_WARN_UNDECLARED_SELECTOR = YES;
				GCC_WARN_UNINITIALIZED_AUTOS = YES_AGGRESSIVE;
				GCC_WARN_UNUSED_FUNCTION = YES;
				GCC_WARN_UNUSED_VARIABLE = YES;
				IPHONEOS_DEPLOYMENT_TARGET = 9.0;
				ONLY_ACTIVE_ARCH = YES;
				SDKROOT = iphoneos;
				SWIFT_OPTIMIZATION_LEVEL = "-Owholemodule";
				TARGETED_DEVICE_FAMILY = "1,2";
				VALIDATE_PRODUCT = YES;
				VALID_ARCHS = arm64;
			};
			name = Release;
		};
		6003F5C0195388D20070C39A /* Debug */ = {
			isa = XCBuildConfiguration;
			baseConfigurationReference = C6CB51B042AFBCABB80DC2DE /* Pods-BohdiAR_Example.debug.xcconfig */;
			buildSettings = {
				ASSETCATALOG_COMPILER_APPICON_NAME = AppIcon;
				CLANG_ENABLE_MODULES = YES;
				"CODE_SIGN_IDENTITY[sdk=iphoneos*]" = "iPhone Developer";
				CODE_SIGN_STYLE = Automatic;
				DEVELOPMENT_TEAM = R7BTEXA73U;
				ENABLE_BITCODE = NO;
				FRAMEWORK_SEARCH_PATHS = (
					"$(inherited)",
					"$(PROJECT_DIR)/Pods/OpenCV",
					"$(PROJECT_DIR)/Pods/OpenCV-Dynamic",
				);
				GCC_PRECOMPILE_PREFIX_HEADER = YES;
				GCC_PREFIX_HEADER = "BohdiAR/BohdiAR-Prefix.pch";
				INFOPLIST_FILE = "BohdiAR/BohdiAR-Info.plist";
				IPHONEOS_DEPLOYMENT_TARGET = 11.0;
				LD_RUNPATH_SEARCH_PATHS = "$(inherited) @executable_path/Frameworks";
				MODULE_NAME = ExampleApp;
				PRODUCT_BUNDLE_IDENTIFIER = "org.cocoapods.demo.${PRODUCT_NAME:rfc1034identifier}";
				PRODUCT_NAME = "$(TARGET_NAME)";
				PROVISIONING_PROFILE = "";
				PROVISIONING_PROFILE_SPECIFIER = "";
				SWIFT_OBJC_BRIDGING_HEADER = "BohdiAR/BohdiAR_Example-Bridging-Header.h";
				SWIFT_OPTIMIZATION_LEVEL = "-Onone";
				SWIFT_SWIFT3_OBJC_INFERENCE = Off;
				SWIFT_VERSION = 4.0;
				WRAPPER_EXTENSION = app;
			};
			name = Debug;
		};
		6003F5C1195388D20070C39A /* Release */ = {
			isa = XCBuildConfiguration;
			baseConfigurationReference = 623BD58255B40950FB76DEE4 /* Pods-BohdiAR_Example.release.xcconfig */;
			buildSettings = {
				ASSETCATALOG_COMPILER_APPICON_NAME = AppIcon;
				CLANG_ENABLE_MODULES = YES;
				"CODE_SIGN_IDENTITY[sdk=iphoneos*]" = "iPhone Developer";
				CODE_SIGN_STYLE = Automatic;
				DEVELOPMENT_TEAM = R7BTEXA73U;
				ENABLE_BITCODE = NO;
				FRAMEWORK_SEARCH_PATHS = (
					"$(inherited)",
					"$(PROJECT_DIR)/Pods/OpenCV",
					"$(PROJECT_DIR)/Pods/OpenCV-Dynamic",
				);
				GCC_PRECOMPILE_PREFIX_HEADER = YES;
				GCC_PREFIX_HEADER = "BohdiAR/BohdiAR-Prefix.pch";
				INFOPLIST_FILE = "BohdiAR/BohdiAR-Info.plist";
				IPHONEOS_DEPLOYMENT_TARGET = 11.0;
				LD_RUNPATH_SEARCH_PATHS = "$(inherited) @executable_path/Frameworks";
				MODULE_NAME = ExampleApp;
				PRODUCT_BUNDLE_IDENTIFIER = "org.cocoapods.demo.${PRODUCT_NAME:rfc1034identifier}";
				PRODUCT_NAME = "$(TARGET_NAME)";
				PROVISIONING_PROFILE_SPECIFIER = "";
				SWIFT_OBJC_BRIDGING_HEADER = "BohdiAR/BohdiAR_Example-Bridging-Header.h";
				SWIFT_SWIFT3_OBJC_INFERENCE = Off;
				SWIFT_VERSION = 4.0;
				WRAPPER_EXTENSION = app;
			};
			name = Release;
		};
/* End XCBuildConfiguration section */

/* Begin XCConfigurationList section */
		6003F585195388D10070C39A /* Build configuration list for PBXProject "BohdiAR" */ = {
			isa = XCConfigurationList;
			buildConfigurations = (
				6003F5BD195388D20070C39A /* Debug */,
				6003F5BE195388D20070C39A /* Release */,
			);
			defaultConfigurationIsVisible = 0;
			defaultConfigurationName = Release;
		};
		6003F5BF195388D20070C39A /* Build configuration list for PBXNativeTarget "BohdiAR_Example" */ = {
			isa = XCConfigurationList;
			buildConfigurations = (
				6003F5C0195388D20070C39A /* Debug */,
				6003F5C1195388D20070C39A /* Release */,
			);
			defaultConfigurationIsVisible = 0;
			defaultConfigurationName = Release;
		};
/* End XCConfigurationList section */
	};
	rootObject = 6003F582195388D10070C39A /* Project object */;
}
